
Microsoft Visual Studio Solution File, Format Version 12.00
# Visual Studio Version 16
VisualStudioVersion = 16.0.31005.135
MinimumVisualStudioVersion = 10.0.40219.1
Project("{FAE04EC0-301F-11D3-BF4B-00C04F79EFBC}") = "MasterDataTool", "MasterDataTool\MasterDataTool.csproj", "{DBDAEC69-00DF-4BD8-A3AE-36701E9A0144}"
EndProject
Project("{FAE04EC0-301F-11D3-BF4B-00C04F79EFBC}") = "NUnitTestProject", "NUnitTestProject\NUnitTestProject.csproj", "{96306C4F-D304-49CE-A717-7563A1B1A2D5}"
EndProject
Global
	GlobalSection(SolutionConfigurationPlatforms) = preSolution
		Debug|Any CPU = Debug|Any CPU
		Release|Any CPU = Release|Any CPU
	EndGlobalSection
	GlobalSection(ProjectConfigurationPlatforms) = postSolution
		{DBDAEC69-00DF-4BD8-A3AE-36701E9A0144}.Debug|Any CPU.ActiveCfg = Debug|Any CPU
		{DBDAEC69-00DF-4BD8-A3AE-36701E9A0144}.Debug|Any CPU.Build.0 = Debug|Any CPU
		{DBDAEC69-00DF-4BD8-A3AE-36701E9A0144}.Release|Any CPU.ActiveCfg = Release|Any CPU
		{DBDAEC69-00DF-4BD8-A3AE-36701E9A0144}.Release|Any CPU.Build.0 = Release|Any CPU
		{96306C4F-D304-49CE-A717-7563A1B1A2D5}.Debug|Any CPU.ActiveCfg = Debug|Any CPU
		{96306C4F-D304-49CE-A717-7563A1B1A2D5}.Debug|Any CPU.Build.0 = Debug|Any CPU
		{96306C4F-D304-49CE-A717-7563A1B1A2D5}.Release|Any CPU.ActiveCfg = Release|Any CPU
		{96306C4F-D304-49CE-A717-7563A1B1A2D5}.Release|Any CPU.Build.0 = Release|Any CPU
	EndGlobalSection
	GlobalSection(SolutionProperties) = preSolution
		HideSolutionNode = FALSE
	EndGlobalSection
	GlobalSection(ExtensibilityGlobals) = postSolution
		SolutionGuid = {B84A8B2B-C9AF-45A6-9215-5E60B1F64CA2}
	EndGlobalSection
EndGlobal
